
Microsoft Visual Studio Solution File, Format Version 12.00
# Visual Studio Version 17
VisualStudioVersion = 17.4.33205.214
MinimumVisualStudioVersion = 10.0.40219.1
Project("{9A19103F-16F7-4668-BE54-9A1E7A4F7556}") = "ApiServices", "ApiServices.csproj", "{55A3AD8A-4E9F-44F5-B9D7-A6152220E3A1}"
EndProject
Global
	GlobalSection(SolutionConfigurationPlatforms) = preSolution
		Debug|Any CPU = Debug|Any CPU
		Release|Any CPU = Release|Any CPU
	EndGlobalSection
	GlobalSection(ProjectConfigurationPlatforms) = postSolution
		{55A3AD8A-4E9F-44F5-B9D7-A6152220E3A1}.Debug|Any CPU.ActiveCfg = Debug|Any CPU
		{55A3AD8A-4E9F-44F5-B9D7-A6152220E3A1}.Debug|Any CPU.Build.0 = Debug|Any CPU
		{55A3AD8A-4E9F-44F5-B9D7-A6152220E3A1}.Release|Any CPU.ActiveCfg = Release|Any CPU
		{55A3AD8A-4E9F-44F5-B9D7-A6152220E3A1}.Release|Any CPU.Build.0 = Release|Any CPU
	EndGlobalSection
	GlobalSection(SolutionProperties) = preSolution
		HideSolutionNode = FALSE
	EndGlobalSection
	GlobalSection(ExtensibilityGlobals) = postSolution
		SolutionGuid = {C058C14F-6571-491C-B6C1-19FBF1FC22DD}
	EndGlobalSection
EndGlobal
